// !$*UTF8*$!
{
	archiveVersion = 1;
	classes = {
	};
	objectVersion = 46;
	objects = {

/* Begin PBXBuildFile section */
		C8F1B84B1BFBE746004E40B1 /* AppDelegate.swift in Sources */ = {isa = PBXBuildFile; fileRef = C8F1B84A1BFBE746004E40B1 /* AppDelegate.swift */; };
		C8F1B84D1BFBE746004E40B1 /* ViewController.swift in Sources */ = {isa = PBXBuildFile; fileRef = C8F1B84C1BFBE746004E40B1 /* ViewController.swift */; };
		C8F1B8501BFBE746004E40B1 /* Main.storyboard in Resources */ = {isa = PBXBuildFile; fileRef = C8F1B84E1BFBE746004E40B1 /* Main.storyboard */; };
		C8F1B8521BFBE746004E40B1 /* Assets.xcassets in Resources */ = {isa = PBXBuildFile; fileRef = C8F1B8511BFBE746004E40B1 /* Assets.xcassets */; };
		C8F1B8551BFBE746004E40B1 /* LaunchScreen.storyboard in Resources */ = {isa = PBXBuildFile; fileRef = C8F1B8531BFBE746004E40B1 /* LaunchScreen.storyboard */; };
		C8F1B8981BFBF04B004E40B1 /* Markingbird.framework in Frameworks */ = {isa = PBXBuildFile; fileRef = C8F1B8941BFBEFF1004E40B1 /* Markingbird.framework */; };
		C8F1B89A1BFBF1B0004E40B1 /* Example.md in Resources */ = {isa = PBXBuildFile; fileRef = C8F1B8991BFBF1B0004E40B1 /* Example.md */; };
		C8F1B89C1BFBF3BD004E40B1 /* LiveOutputViewController.swift in Sources */ = {isa = PBXBuildFile; fileRef = C8F1B89B1BFBF3BD004E40B1 /* LiveOutputViewController.swift */; };
/* End PBXBuildFile section */

/* Begin PBXContainerItemProxy section */
		C8F1B88F1BFBEFF1004E40B1 /* PBXContainerItemProxy */ = {
			isa = PBXContainerItemProxy;
			containerPortal = C8F1B8891BFBEFF1004E40B1 /* Markingbird.xcodeproj */;
			proxyType = 2;
			remoteGlobalIDString = 4EAF8DB919A212F30020CA43;
			remoteInfo = Markingbird;
		};
		C8F1B8911BFBEFF1004E40B1 /* PBXContainerItemProxy */ = {
			isa = PBXContainerItemProxy;
			containerPortal = C8F1B8891BFBEFF1004E40B1 /* Markingbird.xcodeproj */;
			proxyType = 2;
			remoteGlobalIDString = 4EAF8DC419A212F30020CA43;
			remoteInfo = MarkingbirdTests;
		};
		C8F1B8931BFBEFF1004E40B1 /* PBXContainerItemProxy */ = {
			isa = PBXContainerItemProxy;
			containerPortal = C8F1B8891BFBEFF1004E40B1 /* Markingbird.xcodeproj */;
			proxyType = 2;
			remoteGlobalIDString = C8F1B8851BFBE9AD004E40B1;
			remoteInfo = "Markingbird-iOS";
		};
		C8F1B8951BFBF000004E40B1 /* PBXContainerItemProxy */ = {
			isa = PBXContainerItemProxy;
			containerPortal = C8F1B8891BFBEFF1004E40B1 /* Markingbird.xcodeproj */;
			proxyType = 1;
			remoteGlobalIDString = C8F1B87B1BFBE9AD004E40B1;
			remoteInfo = "Markingbird-iOS";
		};
/* End PBXContainerItemProxy section */

/* Begin PBXFileReference section */
		C8F1B8471BFBE746004E40B1 /* MarkingbirdDemo.app */ = {isa = PBXFileReference; explicitFileType = wrapper.application; includeInIndex = 0; path = MarkingbirdDemo.app; sourceTree = BUILT_PRODUCTS_DIR; };
		C8F1B84A1BFBE746004E40B1 /* AppDelegate.swift */ = {isa = PBXFileReference; lastKnownFileType = sourcecode.swift; path = AppDelegate.swift; sourceTree = "<group>"; };
		C8F1B84C1BFBE746004E40B1 /* ViewController.swift */ = {isa = PBXFileReference; lastKnownFileType = sourcecode.swift; path = ViewController.swift; sourceTree = "<group>"; };
		C8F1B84F1BFBE746004E40B1 /* Base */ = {isa = PBXFileReference; lastKnownFileType = file.storyboard; name = Base; path = Base.lproj/Main.storyboard; sourceTree = "<group>"; };
		C8F1B8511BFBE746004E40B1 /* Assets.xcassets */ = {isa = PBXFileReference; lastKnownFileType = folder.assetcatalog; path = Assets.xcassets; sourceTree = "<group>"; };
		C8F1B8541BFBE746004E40B1 /* Base */ = {isa = PBXFileReference; lastKnownFileType = file.storyboard; name = Base; path = Base.lproj/LaunchScreen.storyboard; sourceTree = "<group>"; };
		C8F1B8561BFBE746004E40B1 /* Info.plist */ = {isa = PBXFileReference; lastKnownFileType = text.plist.xml; path = Info.plist; sourceTree = "<group>"; };
		C8F1B8891BFBEFF1004E40B1 /* Markingbird.xcodeproj */ = {isa = PBXFileReference; lastKnownFileType = "wrapper.pb-project"; name = Markingbird.xcodeproj; path = ../../Markingbird.xcodeproj; sourceTree = "<group>"; };
		C8F1B8991BFBF1B0004E40B1 /* Example.md */ = {isa = PBXFileReference; fileEncoding = 4; lastKnownFileType = net.daringfireball.markdown; path = Example.md; sourceTree = "<group>"; };
		C8F1B89B1BFBF3BD004E40B1 /* LiveOutputViewController.swift */ = {isa = PBXFileReference; fileEncoding = 4; lastKnownFileType = sourcecode.swift; path = LiveOutputViewController.swift; sourceTree = "<group>"; };
/* End PBXFileReference section */

/* Begin PBXFrameworksBuildPhase section */
		C8F1B8441BFBE746004E40B1 /* Frameworks */ = {
			isa = PBXFrameworksBuildPhase;
			buildActionMask = 2147483647;
			files = (
				C8F1B8981BFBF04B004E40B1 /* Markingbird.framework in Frameworks */,
			);
			runOnlyForDeploymentPostprocessing = 0;
		};
/* End PBXFrameworksBuildPhase section */

/* Begin PBXGroup section */
		C8F1B83E1BFBE746004E40B1 = {
			isa = PBXGroup;
			children = (
				C8F1B8491BFBE746004E40B1 /* MarkingbirdDemo */,
				C8F1B8481BFBE746004E40B1 /* Products */,
			);
			sourceTree = "<group>";
		};
		C8F1B8481BFBE746004E40B1 /* Products */ = {
			isa = PBXGroup;
			children = (
				C8F1B8471BFBE746004E40B1 /* MarkingbirdDemo.app */,
			);
			name = Products;
			sourceTree = "<group>";
		};
		C8F1B8491BFBE746004E40B1 /* MarkingbirdDemo */ = {
			isa = PBXGroup;
			children = (
				C8F1B8991BFBF1B0004E40B1 /* Example.md */,
				C8F1B84A1BFBE746004E40B1 /* AppDelegate.swift */,
				C8F1B84C1BFBE746004E40B1 /* ViewController.swift */,
				C8F1B89B1BFBF3BD004E40B1 /* LiveOutputViewController.swift */,
				C8F1B84E1BFBE746004E40B1 /* Main.storyboard */,
				C8F1B8511BFBE746004E40B1 /* Assets.xcassets */,
				C8F1B8531BFBE746004E40B1 /* LaunchScreen.storyboard */,
				C8F1B8561BFBE746004E40B1 /* Info.plist */,
				C8F1B85E1BFBE7FF004E40B1 /* Supporting Files */,
			);
			path = MarkingbirdDemo;
			sourceTree = "<group>";
		};
		C8F1B85E1BFBE7FF004E40B1 /* Supporting Files */ = {
			isa = PBXGroup;
			children = (
				C8F1B8891BFBEFF1004E40B1 /* Markingbird.xcodeproj */,
			);
			name = "Supporting Files";
			sourceTree = "<group>";
		};
		C8F1B88A1BFBEFF1004E40B1 /* Products */ = {
			isa = PBXGroup;
			children = (
				C8F1B8901BFBEFF1004E40B1 /* Markingbird.framework */,
				C8F1B8921BFBEFF1004E40B1 /* MarkingbirdTests.xctest */,
				C8F1B8941BFBEFF1004E40B1 /* Markingbird.framework */,
			);
			name = Products;
			sourceTree = "<group>";
		};
/* End PBXGroup section */

/* Begin PBXNativeTarget section */
		C8F1B8461BFBE746004E40B1 /* MarkingbirdDemo */ = {
			isa = PBXNativeTarget;
			buildConfigurationList = C8F1B8591BFBE746004E40B1 /* Build configuration list for PBXNativeTarget "MarkingbirdDemo" */;
			buildPhases = (
				C8F1B8431BFBE746004E40B1 /* Sources */,
				C8F1B8441BFBE746004E40B1 /* Frameworks */,
				C8F1B8451BFBE746004E40B1 /* Resources */,
			);
			buildRules = (
			);
			dependencies = (
				C8F1B8961BFBF000004E40B1 /* PBXTargetDependency */,
			);
			name = MarkingbirdDemo;
			productName = MarkingbirdDemo;
			productReference = C8F1B8471BFBE746004E40B1 /* MarkingbirdDemo.app */;
			productType = "com.apple.product-type.application";
		};
/* End PBXNativeTarget section */

/* Begin PBXProject section */
		C8F1B83F1BFBE746004E40B1 /* Project object */ = {
			isa = PBXProject;
			attributes = {
				LastSwiftUpdateCheck = 0710;
				LastUpgradeCheck = 0710;
				ORGANIZATIONNAME = jackie;
				TargetAttributes = {
					C8F1B8461BFBE746004E40B1 = {
						CreatedOnToolsVersion = 7.1.1;
					};
				};
			};
			buildConfigurationList = C8F1B8421BFBE746004E40B1 /* Build configuration list for PBXProject "MarkingbirdDemo" */;
			compatibilityVersion = "Xcode 3.2";
			developmentRegion = English;
			hasScannedForEncodings = 0;
			knownRegions = (
				en,
				Base,
			);
			mainGroup = C8F1B83E1BFBE746004E40B1;
			productRefGroup = C8F1B8481BFBE746004E40B1 /* Products */;
			projectDirPath = "";
			projectReferences = (
				{
					ProductGroup = C8F1B88A1BFBEFF1004E40B1 /* Products */;
					ProjectRef = C8F1B8891BFBEFF1004E40B1 /* Markingbird.xcodeproj */;
				},
			);
			projectRoot = "";
			targets = (
				C8F1B8461BFBE746004E40B1 /* MarkingbirdDemo */,
			);
		};
/* End PBXProject section */

/* Begin PBXReferenceProxy section */
		C8F1B8901BFBEFF1004E40B1 /* Markingbird.framework */ = {
			isa = PBXReferenceProxy;
			fileType = wrapper.framework;
			path = Markingbird.framework;
			remoteRef = C8F1B88F1BFBEFF1004E40B1 /* PBXContainerItemProxy */;
			sourceTree = BUILT_PRODUCTS_DIR;
		};
		C8F1B8921BFBEFF1004E40B1 /* MarkingbirdTests.xctest */ = {
			isa = PBXReferenceProxy;
			fileType = wrapper.cfbundle;
			path = MarkingbirdTests.xctest;
			remoteRef = C8F1B8911BFBEFF1004E40B1 /* PBXContainerItemProxy */;
			sourceTree = BUILT_PRODUCTS_DIR;
		};
		C8F1B8941BFBEFF1004E40B1 /* Markingbird.framework */ = {
			isa = PBXReferenceProxy;
			fileType = wrapper.framework;
			path = Markingbird.framework;
			remoteRef = C8F1B8931BFBEFF1004E40B1 /* PBXContainerItemProxy */;
			sourceTree = BUILT_PRODUCTS_DIR;
		};
/* End PBXReferenceProxy section */

/* Begin PBXResourcesBuildPhase section */
		C8F1B8451BFBE746004E40B1 /* Resources */ = {
			isa = PBXResourcesBuildPhase;
			buildActionMask = 2147483647;
			files = (
				C8F1B89A1BFBF1B0004E40B1 /* Example.md in Resources */,
				C8F1B8551BFBE746004E40B1 /* LaunchScreen.storyboard in Resources */,
				C8F1B8521BFBE746004E40B1 /* Assets.xcassets in Resources */,
				C8F1B8501BFBE746004E40B1 /* Main.storyboard in Resources */,
			);
			runOnlyForDeploymentPostprocessing = 0;
		};
/* End PBXResourcesBuildPhase section */

/* Begin PBXSourcesBuildPhase section */
		C8F1B8431BFBE746004E40B1 /* Sources */ = {
			isa = PBXSourcesBuildPhase;
			buildActionMask = 2147483647;
			files = (
				C8F1B84D1BFBE746004E40B1 /* ViewController.swift in Sources */,
				C8F1B89C1BFBF3BD004E40B1 /* LiveOutputViewController.swift in Sources */,
				C8F1B84B1BFBE746004E40B1 /* AppDelegate.swift in Sources */,
			);
			runOnlyForDeploymentPostprocessing = 0;
		};
/* End PBXSourcesBuildPhase section */

/* Begin PBXTargetDependency section */
		C8F1B8961BFBF000004E40B1 /* PBXTargetDependency */ = {
			isa = PBXTargetDependency;
			name = "Markingbird-iOS";
			targetProxy = C8F1B8951BFBF000004E40B1 /* PBXContainerItemProxy */;
		};
/* End PBXTargetDependency section */

/* Begin PBXVariantGroup section */
		C8F1B84E1BFBE746004E40B1 /* Main.storyboard */ = {
			isa = PBXVariantGroup;
			children = (
				C8F1B84F1BFBE746004E40B1 /* Base */,
			);
			name = Main.storyboard;
			sourceTree = "<group>";
		};
		C8F1B8531BFBE746004E40B1 /* LaunchScreen.storyboard */ = {
			isa = PBXVariantGroup;
			children = (
				C8F1B8541BFBE746004E40B1 /* Base */,
			);
			name = LaunchScreen.storyboard;
			sourceTree = "<group>";
		};
/* End PBXVariantGroup section */

/* Begin XCBuildConfiguration section */
		C8F1B8571BFBE746004E40B1 /* Debug */ = {
			isa = XCBuildConfiguration;
			buildSettings = {
				ALWAYS_SEARCH_USER_PATHS = NO;
				CLANG_CXX_LANGUAGE_STANDARD = "gnu++0x";
				CLANG_CXX_LIBRARY = "libc++";
				CLANG_ENABLE_MODULES = YES;
				CLANG_ENABLE_OBJC_ARC = YES;
				CLANG_WARN_BOOL_CONVERSION = YES;
				CLANG_WARN_CONSTANT_CONVERSION = YES;
				CLANG_WARN_DIRECT_OBJC_ISA_USAGE = YES_ERROR;
				CLANG_WARN_EMPTY_BODY = YES;
				CLANG_WARN_ENUM_CONVERSION = YES;
				CLANG_WARN_INT_CONVERSION = YES;
				CLANG_WARN_OBJC_ROOT_CLASS = YES_ERROR;
				CLANG_WARN_UNREACHABLE_CODE = YES;
				CLANG_WARN__DUPLICATE_METHOD_MATCH = YES;
				"CODE_SIGN_IDENTITY[sdk=iphoneos*]" = "iPhone Developer";
				COPY_PHASE_STRIP = NO;
				DEBUG_INFORMATION_FORMAT = dwarf;
				ENABLE_STRICT_OBJC_MSGSEND = YES;
				ENABLE_TESTABILITY = YES;
				GCC_C_LANGUAGE_STANDARD = gnu99;
				GCC_DYNAMIC_NO_PIC = NO;
				GCC_NO_COMMON_BLOCKS = YES;
				GCC_OPTIMIZATION_LEVEL = 0;
				GCC_PREPROCESSOR_DEFINITIONS = (
					"DEBUG=1",
					"$(inherited)",
				);
				GCC_WARN_64_TO_32_BIT_CONVERSION = YES;
				GCC_WARN_ABOUT_RETURN_TYPE = YES_ERROR;
				GCC_WARN_UNDECLARED_SELECTOR = YES;
				GCC_WARN_UNINITIALIZED_AUTOS = YES_AGGRESSIVE;
				GCC_WARN_UNUSED_FUNCTION = YES;
				GCC_WARN_UNUSED_VARIABLE = YES;
				IPHONEOS_DEPLOYMENT_TARGET = 9.1;
				MTL_ENABLE_DEBUG_INFO = YES;
				ONLY_ACTIVE_ARCH = YES;
				SDKROOT = iphoneos;
				SWIFT_OPTIMIZATION_LEVEL = "-Onone";
				TARGETED_DEVICE_FAMILY = "1,2";
			};
			name = Debug;
		};
		C8F1B8581BFBE746004E40B1 /* Release */ = {
			isa = XCBuildConfiguration;
			buildSettings = {
				ALWAYS_SEARCH_USER_PATHS = NO;
				CLANG_CXX_LANGUAGE_STANDARD = "gnu++0x";
				CLANG_CXX_LIBRARY = "libc++";
				CLANG_ENABLE_MODULES = YES;
				CLANG_ENABLE_OBJC_ARC = YES;
				CLANG_WARN_BOOL_CONVERSION = YES;
				CLANG_WARN_CONSTANT_CONVERSION = YES;
				CLANG_WARN_DIRECT_OBJC_ISA_USAGE = YES_ERROR;
				CLANG_WARN_EMPTY_BODY = YES;
				CLANG_WARN_ENUM_CONVERSION = YES;
				CLANG_WARN_INT_CONVERSION = YES;
				CLANG_WARN_OBJC_ROOT_CLASS = YES_ERROR;
				CLANG_WARN_UNREACHABLE_CODE = YES;
				CLANG_WARN__DUPLICATE_METHOD_MATCH = YES;
				"CODE_SIGN_IDENTITY[sdk=iphoneos*]" = "iPhone Developer";
				COPY_PHASE_STRIP = NO;
				DEBUG_INFORMATION_FORMAT = "dwarf-with-dsym";
				ENABLE_NS_ASSERTIONS = NO;
				ENABLE_STRICT_OBJC_MSGSEND = YES;
				GCC_C_LANGUAGE_STANDARD = gnu99;
				GCC_NO_COMMON_BLOCKS = YES;
				GCC_WARN_64_TO_32_BIT_CONVERSION = YES;
				GCC_WARN_ABOUT_RETURN_TYPE = YES_ERROR;
				GCC_WARN_UNDECLARED_SELECTOR = YES;
				GCC_WARN_UNINITIALIZED_AUTOS = YES_AGGRESSIVE;
				GCC_WARN_UNUSED_FUNCTION = YES;
				GCC_WARN_UNUSED_VARIABLE = YES;
				IPHONEOS_DEPLOYMENT_TARGET = 9.1;
				MTL_ENABLE_DEBUG_INFO = NO;
				SDKROOT = iphoneos;
				TARGETED_DEVICE_FAMILY = "1,2";
				VALIDATE_PRODUCT = YES;
			};
			name = Release;
		};
		C8F1B85A1BFBE746004E40B1 /* Debug */ = {
			isa = XCBuildConfiguration;
			buildSettings = {
				ASSETCATALOG_COMPILER_APPICON_NAME = AppIcon;
				INFOPLIST_FILE = MarkingbirdDemo/Info.plist;
				LD_RUNPATH_SEARCH_PATHS = "$(inherited) @executable_path/Frameworks";
				PRODUCT_BUNDLE_IDENTIFIER = com.jackie.MarkingbirdDemo;
				PRODUCT_NAME = "$(TARGET_NAME)";
			};
			name = Debug;
		};
		C8F1B85B1BFBE746004E40B1 /* Release */ = {
			isa = XCBuildConfiguration;
			buildSettings = {
				ASSETCATALOG_COMPILER_APPICON_NAME = AppIcon;
				INFOPLIST_FILE = MarkingbirdDemo/Info.plist;
				LD_RUNPATH_SEARCH_PATHS = "$(inherited) @executable_path/Frameworks";
				PRODUCT_BUNDLE_IDENTIFIER = com.jackie.MarkingbirdDemo;
				PRODUCT_NAME = "$(TARGET_NAME)";
			};
			name = Release;
		};
/* End XCBuildConfiguration section */

/* Begin XCConfigurationList section */
		C8F1B8421BFBE746004E40B1 /* Build configuration list for PBXProject "MarkingbirdDemo" */ = {
			isa = XCConfigurationList;
			buildConfigurations = (
				C8F1B8571BFBE746004E40B1 /* Debug */,
				C8F1B8581BFBE746004E40B1 /* Release */,
			);
			defaultConfigurationIsVisible = 0;
			defaultConfigurationName = Release;
		};
		C8F1B8591BFBE746004E40B1 /* Build configuration list for PBXNativeTarget "MarkingbirdDemo" */ = {
			isa = XCConfigurationList;
			buildConfigurations = (
				C8F1B85A1BFBE746004E40B1 /* Debug */,
				C8F1B85B1BFBE746004E40B1 /* Release */,
			);
			defaultConfigurationIsVisible = 0;
			defaultConfigurationName = Release;
		};
/* End XCConfigurationList section */
	};
	rootObject = C8F1B83F1BFBE746004E40B1 /* Project object */;
}
